
Microsoft Visual Studio Solution File, Format Version 12.00
# Blend for Visual Studio Version 16
VisualStudioVersion = 16.0.30611.23
MinimumVisualStudioVersion = 10.0.40219.1
Project("{FAE04EC0-301F-11D3-BF4B-00C04F79EFBC}") = "SerialKiller", "SerialKiller\SerialKiller.csproj", "{E0B94653-E37E-44CC-9E8D-0E7A27EB0E2D}"
EndProject
Global
	GlobalSection(SolutionConfigurationPlatforms) = preSolution
		Debug|Any CPU = Debug|Any CPU
		Release|Any CPU = Release|Any CPU
	EndGlobalSection
	GlobalSection(ProjectConfigurationPlatforms) = postSolution
		{E0B94653-E37E-44CC-9E8D-0E7A27EB0E2D}.Debug|Any CPU.ActiveCfg = Debug|Any CPU
		{E0B94653-E37E-44CC-9E8D-0E7A27EB0E2D}.Debug|Any CPU.Build.0 = Debug|Any CPU
		{E0B94653-E37E-44CC-9E8D-0E7A27EB0E2D}.Release|Any CPU.ActiveCfg = Release|Any CPU
		{E0B94653-E37E-44CC-9E8D-0E7A27EB0E2D}.Release|Any CPU.Build.0 = Release|Any CPU
	EndGlobalSection
	GlobalSection(SolutionProperties) = preSolution
		HideSolutionNode = FALSE
	EndGlobalSection
	GlobalSection(ExtensibilityGlobals) = postSolution
		SolutionGuid = {53A33374-A3BF-4F1B-A0C1-E39BB78DAF56}
	EndGlobalSection
EndGlobal
